
Microsoft Visual Studio Solution File, Format Version 12.00
# Visual Studio Version 17
VisualStudioVersion = 17.0.31903.59
MinimumVisualStudioVersion = 10.0.40219.1
Project("{2150E333-8FDC-42A3-9474-1A3956D46DE8}") = "src", "src", "{8C11F60C-0AEC-41A4-8B3F-1963B995E9DC}"
EndProject
Project("{FAE04EC0-301F-11D3-BF4B-00C04F79EFBC}") = "AuctionService", "src\AuctionService\AuctionService.csproj", "{53D63907-DBAB-4ABF-A226-EF12A2F9A476}"
EndProject
Project("{FAE04EC0-301F-11D3-BF4B-00C04F79EFBC}") = "SearchService", "src\SearchService\SearchService.csproj", "{634B1C44-9B0D-4D7E-B838-BCC4907BD5F9}"
EndProject
Project("{FAE04EC0-301F-11D3-BF4B-00C04F79EFBC}") = "Contracts", "src\Contracts\Contracts.csproj", "{7371D4DD-0C00-4071-BDB2-CD82E14560BF}"
EndProject
Project("{FAE04EC0-301F-11D3-BF4B-00C04F79EFBC}") = "IdentityService", "src\IdentityService\IdentityService.csproj", "{56F00E60-D284-47A4-9A3E-2F18D2805F6D}"
EndProject
Global
	GlobalSection(SolutionConfigurationPlatforms) = preSolution
		Debug|Any CPU = Debug|Any CPU
		Release|Any CPU = Release|Any CPU
	EndGlobalSection
	GlobalSection(SolutionProperties) = preSolution
		HideSolutionNode = FALSE
	EndGlobalSection
	GlobalSection(ProjectConfigurationPlatforms) = postSolution
		{53D63907-DBAB-4ABF-A226-EF12A2F9A476}.Debug|Any CPU.ActiveCfg = Debug|Any CPU
		{53D63907-DBAB-4ABF-A226-EF12A2F9A476}.Debug|Any CPU.Build.0 = Debug|Any CPU
		{53D63907-DBAB-4ABF-A226-EF12A2F9A476}.Release|Any CPU.ActiveCfg = Release|Any CPU
		{53D63907-DBAB-4ABF-A226-EF12A2F9A476}.Release|Any CPU.Build.0 = Release|Any CPU
		{634B1C44-9B0D-4D7E-B838-BCC4907BD5F9}.Debug|Any CPU.ActiveCfg = Debug|Any CPU
		{634B1C44-9B0D-4D7E-B838-BCC4907BD5F9}.Debug|Any CPU.Build.0 = Debug|Any CPU
		{634B1C44-9B0D-4D7E-B838-BCC4907BD5F9}.Release|Any CPU.ActiveCfg = Release|Any CPU
		{634B1C44-9B0D-4D7E-B838-BCC4907BD5F9}.Release|Any CPU.Build.0 = Release|Any CPU
		{7371D4DD-0C00-4071-BDB2-CD82E14560BF}.Debug|Any CPU.ActiveCfg = Debug|Any CPU
		{7371D4DD-0C00-4071-BDB2-CD82E14560BF}.Debug|Any CPU.Build.0 = Debug|Any CPU
		{7371D4DD-0C00-4071-BDB2-CD82E14560BF}.Release|Any CPU.ActiveCfg = Release|Any CPU
		{7371D4DD-0C00-4071-BDB2-CD82E14560BF}.Release|Any CPU.Build.0 = Release|Any CPU
		{56F00E60-D284-47A4-9A3E-2F18D2805F6D}.Debug|Any CPU.ActiveCfg = Debug|Any CPU
		{56F00E60-D284-47A4-9A3E-2F18D2805F6D}.Debug|Any CPU.Build.0 = Debug|Any CPU
		{56F00E60-D284-47A4-9A3E-2F18D2805F6D}.Release|Any CPU.ActiveCfg = Release|Any CPU
		{56F00E60-D284-47A4-9A3E-2F18D2805F6D}.Release|Any CPU.Build.0 = Release|Any CPU
	EndGlobalSection
	GlobalSection(NestedProjects) = preSolution
		{53D63907-DBAB-4ABF-A226-EF12A2F9A476} = {8C11F60C-0AEC-41A4-8B3F-1963B995E9DC}
		{634B1C44-9B0D-4D7E-B838-BCC4907BD5F9} = {8C11F60C-0AEC-41A4-8B3F-1963B995E9DC}
		{7371D4DD-0C00-4071-BDB2-CD82E14560BF} = {8C11F60C-0AEC-41A4-8B3F-1963B995E9DC}
		{56F00E60-D284-47A4-9A3E-2F18D2805F6D} = {8C11F60C-0AEC-41A4-8B3F-1963B995E9DC}
	EndGlobalSection
EndGlobal
